<Solution>
  <Project Path="Assembly-CSharp.csproj" />
  <Project Path="IngameDebugConsole.Runtime.csproj" />
  <Project Path="AssetUsageDetector.Editor.csproj" />
  <Project Path="Tayx.Graphy.csproj" />
  <Project Path="Tayx.Graphy.Editor.csproj" />
  <Project Path="IngameDebugConsole.Editor.csproj" />
</Solution>
